
Microsoft Visual Studio Solution File, Format Version 12.00
# Visual Studio Version 17
VisualStudioVersion = 17.5.33424.131
MinimumVisualStudioVersion = 10.0.40219.1
Project("{FAE04EC0-301F-11D3-BF4B-00C04F79EFBC}") = "my-books", "my-books.csproj", "{3A972642-6753-458F-83F1-E5CE12C82726}"
EndProject
Global
	GlobalSection(SolutionConfigurationPlatforms) = preSolution
		Debug|Any CPU = Debug|Any CPU
		Release|Any CPU = Release|Any CPU
	EndGlobalSection
	GlobalSection(ProjectConfigurationPlatforms) = postSolution
		{3A972642-6753-458F-83F1-E5CE12C82726}.Debug|Any CPU.ActiveCfg = Debug|Any CPU
		{3A972642-6753-458F-83F1-E5CE12C82726}.Debug|Any CPU.Build.0 = Debug|Any CPU
		{3A972642-6753-458F-83F1-E5CE12C82726}.Release|Any CPU.ActiveCfg = Release|Any CPU
		{3A972642-6753-458F-83F1-E5CE12C82726}.Release|Any CPU.Build.0 = Release|Any CPU
	EndGlobalSection
	GlobalSection(SolutionProperties) = preSolution
		HideSolutionNode = FALSE
	EndGlobalSection
	GlobalSection(ExtensibilityGlobals) = postSolution
		SolutionGuid = {CAB14708-2059-4DDD-B4DB-089048D3D544}
	EndGlobalSection
EndGlobal
